
Microsoft Visual Studio Solution File, Format Version 12.00
# Visual Studio Version 17
VisualStudioVersion = 17.10.34928.147
MinimumVisualStudioVersion = 10.0.40219.1
Project("{FAE04EC0-301F-11D3-BF4B-00C04F79EFBC}") = "PersonalFinanceTracker", "PersonalFinanceTracker\PersonalFinanceTracker.csproj", "{6AECC370-2670-4CCF-8A74-3A84C5A8F7A0}"
EndProject
Global
	GlobalSection(SolutionConfigurationPlatforms) = preSolution
		Debug|Any CPU = Debug|Any CPU
		Release|Any CPU = Release|Any CPU
	EndGlobalSection
	GlobalSection(ProjectConfigurationPlatforms) = postSolution
		{6AECC370-2670-4CCF-8A74-3A84C5A8F7A0}.Debug|Any CPU.ActiveCfg = Debug|Any CPU
		{6AECC370-2670-4CCF-8A74-3A84C5A8F7A0}.Debug|Any CPU.Build.0 = Debug|Any CPU
		{6AECC370-2670-4CCF-8A74-3A84C5A8F7A0}.Release|Any CPU.ActiveCfg = Release|Any CPU
		{6AECC370-2670-4CCF-8A74-3A84C5A8F7A0}.Release|Any CPU.Build.0 = Release|Any CPU
	EndGlobalSection
	GlobalSection(SolutionProperties) = preSolution
		HideSolutionNode = FALSE
	EndGlobalSection
	GlobalSection(ExtensibilityGlobals) = postSolution
		SolutionGuid = {B234B162-4F02-45EC-9030-6F59EAD5EB57}
	EndGlobalSection
EndGlobal
